
Microsoft Visual Studio Solution File, Format Version 12.00
# Visual Studio Version 17
VisualStudioVersion = 17.9.34607.119
MinimumVisualStudioVersion = 10.0.40219.1
Project("{9A19103F-16F7-4668-BE54-9A1E7A4F7556}") = "csharpstudiochap3", "csharpstudios\csharpstudiochap3.csproj", "{72ED203C-19BB-4631-AF1C-55EE7198495B}"
EndProject
Project("{9A19103F-16F7-4668-BE54-9A1E7A4F7556}") = "csharpstudiochap4and5", "csharpstudiochap4\csharpstudiochap4and5.csproj", "{8402A118-D79C-45AF-BACD-7FEEAC92A572}"
EndProject
Project("{9A19103F-16F7-4668-BE54-9A1E7A4F7556}") = "Tests", "BalancedBracketsTests\Tests.csproj", "{CA2DD499-3BC1-45EB-9290-000D0CD905A1}"
EndProject
Project("{9A19103F-16F7-4668-BE54-9A1E7A4F7556}") = "BalancedBrackets", "BalancedBrackets\BalancedBrackets.csproj", "{1419FF9E-7D5D-4D47-91B5-AE288733DF1E}"
EndProject
Project("{9A19103F-16F7-4668-BE54-9A1E7A4F7556}") = "CSharpStudioChap7Quiz", "CSharpStudioChap7Quiz\CSharpStudioChap7Quiz.csproj", "{CCA182FA-796D-42FB-A6C8-2B6262E9D005}"
EndProject
Global
	GlobalSection(SolutionConfigurationPlatforms) = preSolution
		Debug|Any CPU = Debug|Any CPU
		Release|Any CPU = Release|Any CPU
	EndGlobalSection
	GlobalSection(ProjectConfigurationPlatforms) = postSolution
		{72ED203C-19BB-4631-AF1C-55EE7198495B}.Debug|Any CPU.ActiveCfg = Debug|Any CPU
		{72ED203C-19BB-4631-AF1C-55EE7198495B}.Debug|Any CPU.Build.0 = Debug|Any CPU
		{72ED203C-19BB-4631-AF1C-55EE7198495B}.Release|Any CPU.ActiveCfg = Release|Any CPU
		{72ED203C-19BB-4631-AF1C-55EE7198495B}.Release|Any CPU.Build.0 = Release|Any CPU
		{8402A118-D79C-45AF-BACD-7FEEAC92A572}.Debug|Any CPU.ActiveCfg = Debug|Any CPU
		{8402A118-D79C-45AF-BACD-7FEEAC92A572}.Debug|Any CPU.Build.0 = Debug|Any CPU
		{8402A118-D79C-45AF-BACD-7FEEAC92A572}.Release|Any CPU.ActiveCfg = Release|Any CPU
		{8402A118-D79C-45AF-BACD-7FEEAC92A572}.Release|Any CPU.Build.0 = Release|Any CPU
		{CA2DD499-3BC1-45EB-9290-000D0CD905A1}.Debug|Any CPU.ActiveCfg = Debug|Any CPU
		{CA2DD499-3BC1-45EB-9290-000D0CD905A1}.Debug|Any CPU.Build.0 = Debug|Any CPU
		{CA2DD499-3BC1-45EB-9290-000D0CD905A1}.Release|Any CPU.ActiveCfg = Release|Any CPU
		{CA2DD499-3BC1-45EB-9290-000D0CD905A1}.Release|Any CPU.Build.0 = Release|Any CPU
		{1419FF9E-7D5D-4D47-91B5-AE288733DF1E}.Debug|Any CPU.ActiveCfg = Debug|Any CPU
		{1419FF9E-7D5D-4D47-91B5-AE288733DF1E}.Debug|Any CPU.Build.0 = Debug|Any CPU
		{1419FF9E-7D5D-4D47-91B5-AE288733DF1E}.Release|Any CPU.ActiveCfg = Release|Any CPU
		{1419FF9E-7D5D-4D47-91B5-AE288733DF1E}.Release|Any CPU.Build.0 = Release|Any CPU
		{CCA182FA-796D-42FB-A6C8-2B6262E9D005}.Debug|Any CPU.ActiveCfg = Debug|Any CPU
		{CCA182FA-796D-42FB-A6C8-2B6262E9D005}.Debug|Any CPU.Build.0 = Debug|Any CPU
		{CCA182FA-796D-42FB-A6C8-2B6262E9D005}.Release|Any CPU.ActiveCfg = Release|Any CPU
		{CCA182FA-796D-42FB-A6C8-2B6262E9D005}.Release|Any CPU.Build.0 = Release|Any CPU
	EndGlobalSection
	GlobalSection(SolutionProperties) = preSolution
		HideSolutionNode = FALSE
	EndGlobalSection
	GlobalSection(ExtensibilityGlobals) = postSolution
		SolutionGuid = {13F8C6FD-2109-449F-ADDE-850D4806253E}
	EndGlobalSection
EndGlobal
